
Microsoft Visual Studio Solution File, Format Version 12.00
# Visual Studio Version 17
VisualStudioVersion = 17.14.36511.14 d17.14
MinimumVisualStudioVersion = 10.0.40219.1
Project("{FAE04EC0-301F-11D3-BF4B-00C04F79EFBC}") = "SampleAPIGitHubActionsCICD", "SampleAPIGitHubActionsCICD\SampleAPIGitHubActionsCICD.csproj", "{36879358-532E-427A-80F5-F5D2F0D8473E}"
EndProject
Global
	GlobalSection(SolutionConfigurationPlatforms) = preSolution
		Debug|Any CPU = Debug|Any CPU
		Release|Any CPU = Release|Any CPU
	EndGlobalSection
	GlobalSection(ProjectConfigurationPlatforms) = postSolution
		{36879358-532E-427A-80F5-F5D2F0D8473E}.Debug|Any CPU.ActiveCfg = Debug|Any CPU
		{36879358-532E-427A-80F5-F5D2F0D8473E}.Debug|Any CPU.Build.0 = Debug|Any CPU
		{36879358-532E-427A-80F5-F5D2F0D8473E}.Release|Any CPU.ActiveCfg = Release|Any CPU
		{36879358-532E-427A-80F5-F5D2F0D8473E}.Release|Any CPU.Build.0 = Release|Any CPU
	EndGlobalSection
	GlobalSection(SolutionProperties) = preSolution
		HideSolutionNode = FALSE
	EndGlobalSection
	GlobalSection(ExtensibilityGlobals) = postSolution
		SolutionGuid = {8ED8448D-2134-4F4B-904F-25ABA67A8383}
	EndGlobalSection
EndGlobal
